// !$*UTF8*$!
{
	archiveVersion = 1;
	classes = {
	};
	objectVersion = 46;
	objects = {

/* Begin PBXBuildFile section */
		853421761FA814B700E3030C /* main.cpp in Sources */ = {isa = PBXBuildFile; fileRef = 853421751FA814B700E3030C /* main.cpp */; };
		853421871FA8158B00E3030C /* dbmysql.cpp in Sources */ = {isa = PBXBuildFile; fileRef = 8534217C1FA8158B00E3030C /* dbmysql.cpp */; };
		853421881FA8158B00E3030C /* server.cpp in Sources */ = {isa = PBXBuildFile; fileRef = 8534217F1FA8158B00E3030C /* server.cpp */; };
		853421891FA8158B00E3030C /* thread.cpp in Sources */ = {isa = PBXBuildFile; fileRef = 853421811FA8158B00E3030C /* thread.cpp */; };
		8534218B1FA8158B00E3030C /* userlist.cpp in Sources */ = {isa = PBXBuildFile; fileRef = 853421851FA8158B00E3030C /* userlist.cpp */; };
		854798631FB06D75001EAA6F /* user.cpp in Sources */ = {isa = PBXBuildFile; fileRef = 854798611FB06D75001EAA6F /* user.cpp */; };
/* End PBXBuildFile section */

/* Begin PBXCopyFilesBuildPhase section */
		853421701FA814B700E3030C /* CopyFiles */ = {
			isa = PBXCopyFilesBuildPhase;
			buildActionMask = 2147483647;
			dstPath = /usr/share/man/man1/;
			dstSubfolderSpec = 0;
			files = (
			);
			runOnlyForDeploymentPostprocessing = 1;
		};
/* End PBXCopyFilesBuildPhase section */

/* Begin PBXFileReference section */
		853421721FA814B700E3030C /* ChatServer */ = {isa = PBXFileReference; explicitFileType = "compiled.mach-o.executable"; includeInIndex = 0; path = ChatServer; sourceTree = BUILT_PRODUCTS_DIR; };
		853421751FA814B700E3030C /* main.cpp */ = {isa = PBXFileReference; lastKnownFileType = sourcecode.cpp.cpp; path = main.cpp; sourceTree = "<group>"; };
		8534217C1FA8158B00E3030C /* dbmysql.cpp */ = {isa = PBXFileReference; fileEncoding = 4; lastKnownFileType = sourcecode.cpp.cpp; path = dbmysql.cpp; sourceTree = "<group>"; };
		8534217D1FA8158B00E3030C /* dbmysql.h */ = {isa = PBXFileReference; fileEncoding = 4; lastKnownFileType = sourcecode.c.h; path = dbmysql.h; sourceTree = "<group>"; };
		8534217E1FA8158B00E3030C /* msg.h */ = {isa = PBXFileReference; fileEncoding = 4; lastKnownFileType = sourcecode.c.h; path = msg.h; sourceTree = "<group>"; };
		8534217F1FA8158B00E3030C /* server.cpp */ = {isa = PBXFileReference; fileEncoding = 4; lastKnownFileType = sourcecode.cpp.cpp; path = server.cpp; sourceTree = "<group>"; };
		853421801FA8158B00E3030C /* server.h */ = {isa = PBXFileReference; fileEncoding = 4; lastKnownFileType = sourcecode.c.h; path = server.h; sourceTree = "<group>"; };
		853421811FA8158B00E3030C /* thread.cpp */ = {isa = PBXFileReference; fileEncoding = 4; lastKnownFileType = sourcecode.cpp.cpp; path = thread.cpp; sourceTree = "<group>"; };
		853421821FA8158B00E3030C /* thread.h */ = {isa = PBXFileReference; fileEncoding = 4; lastKnownFileType = sourcecode.c.h; path = thread.h; sourceTree = "<group>"; };
		853421841FA8158B00E3030C /* user.h */ = {isa = PBXFileReference; fileEncoding = 4; lastKnownFileType = sourcecode.c.h; path = user.h; sourceTree = "<group>"; };
		853421851FA8158B00E3030C /* userlist.cpp */ = {isa = PBXFileReference; fileEncoding = 4; lastKnownFileType = sourcecode.cpp.cpp; path = userlist.cpp; sourceTree = "<group>"; };
		853421861FA8158B00E3030C /* userlist.h */ = {isa = PBXFileReference; fileEncoding = 4; lastKnownFileType = sourcecode.c.h; path = userlist.h; sourceTree = "<group>"; };
		854798611FB06D75001EAA6F /* user.cpp */ = {isa = PBXFileReference; fileEncoding = 4; lastKnownFileType = sourcecode.cpp.cpp; path = user.cpp; sourceTree = "<group>"; };
/* End PBXFileReference section */

/* Begin PBXFrameworksBuildPhase section */
		8534216F1FA814B700E3030C /* Frameworks */ = {
			isa = PBXFrameworksBuildPhase;
			buildActionMask = 2147483647;
			files = (
			);
			runOnlyForDeploymentPostprocessing = 0;
		};
/* End PBXFrameworksBuildPhase section */

/* Begin PBXGroup section */
		853421691FA814B700E3030C = {
			isa = PBXGroup;
			children = (
				853421741FA814B700E3030C /* ChatServer */,
				853421731FA814B700E3030C /* Products */,
			);
			sourceTree = "<group>";
		};
		853421731FA814B700E3030C /* Products */ = {
			isa = PBXGroup;
			children = (
				853421721FA814B700E3030C /* ChatServer */,
			);
			name = Products;
			sourceTree = "<group>";
		};
		853421741FA814B700E3030C /* ChatServer */ = {
			isa = PBXGroup;
			children = (
				8534217C1FA8158B00E3030C /* dbmysql.cpp */,
				8534217D1FA8158B00E3030C /* dbmysql.h */,
				8534217E1FA8158B00E3030C /* msg.h */,
				8534217F1FA8158B00E3030C /* server.cpp */,
				853421801FA8158B00E3030C /* server.h */,
				853421811FA8158B00E3030C /* thread.cpp */,
				853421821FA8158B00E3030C /* thread.h */,
				854798611FB06D75001EAA6F /* user.cpp */,
				853421841FA8158B00E3030C /* user.h */,
				853421851FA8158B00E3030C /* userlist.cpp */,
				853421861FA8158B00E3030C /* userlist.h */,
				853421751FA814B700E3030C /* main.cpp */,
			);
			path = ChatServer;
			sourceTree = "<group>";
		};
/* End PBXGroup section */

/* Begin PBXNativeTarget section */
		853421711FA814B700E3030C /* ChatServer */ = {
			isa = PBXNativeTarget;
			buildConfigurationList = 853421791FA814B700E3030C /* Build configuration list for PBXNativeTarget "ChatServer" */;
			buildPhases = (
				8534216E1FA814B700E3030C /* Sources */,
				8534216F1FA814B700E3030C /* Frameworks */,
				853421701FA814B700E3030C /* CopyFiles */,
			);
			buildRules = (
			);
			dependencies = (
			);
			name = ChatServer;
			productName = ChatServer;
			productReference = 853421721FA814B700E3030C /* ChatServer */;
			productType = "com.apple.product-type.tool";
		};
/* End PBXNativeTarget section */

/* Begin PBXProject section */
		8534216A1FA814B700E3030C /* Project object */ = {
			isa = PBXProject;
			attributes = {
				LastUpgradeCheck = 0810;
				ORGANIZATIONNAME = Ronchi;
				TargetAttributes = {
					853421711FA814B700E3030C = {
						CreatedOnToolsVersion = 8.1;
						ProvisioningStyle = Automatic;
					};
				};
			};
			buildConfigurationList = 8534216D1FA814B700E3030C /* Build configuration list for PBXProject "ChatServer" */;
			compatibilityVersion = "Xcode 3.2";
			developmentRegion = English;
			hasScannedForEncodings = 0;
			knownRegions = (
				en,
			);
			mainGroup = 853421691FA814B700E3030C;
			productRefGroup = 853421731FA814B700E3030C /* Products */;
			projectDirPath = "";
			projectRoot = "";
			targets = (
				853421711FA814B700E3030C /* ChatServer */,
			);
		};
/* End PBXProject section */

/* Begin PBXSourcesBuildPhase section */
		8534216E1FA814B700E3030C /* Sources */ = {
			isa = PBXSourcesBuildPhase;
			buildActionMask = 2147483647;
			files = (
				8534218B1FA8158B00E3030C /* userlist.cpp in Sources */,
				853421881FA8158B00E3030C /* server.cpp in Sources */,
				854798631FB06D75001EAA6F /* user.cpp in Sources */,
				853421871FA8158B00E3030C /* dbmysql.cpp in Sources */,
				853421761FA814B700E3030C /* main.cpp in Sources */,
				853421891FA8158B00E3030C /* thread.cpp in Sources */,
			);
			runOnlyForDeploymentPostprocessing = 0;
		};
/* End PBXSourcesBuildPhase section */

/* Begin XCBuildConfiguration section */
		853421771FA814B700E3030C /* Debug */ = {
			isa = XCBuildConfiguration;
			buildSettings = {
				ALWAYS_SEARCH_USER_PATHS = NO;
				CLANG_ANALYZER_NONNULL = YES;
				CLANG_CXX_LANGUAGE_STANDARD = "gnu++0x";
				CLANG_CXX_LIBRARY = "libc++";
				CLANG_ENABLE_MODULES = YES;
				CLANG_ENABLE_OBJC_ARC = YES;
				CLANG_WARN_BOOL_CONVERSION = YES;
				CLANG_WARN_CONSTANT_CONVERSION = YES;
				CLANG_WARN_DIRECT_OBJC_ISA_USAGE = YES_ERROR;
				CLANG_WARN_DOCUMENTATION_COMMENTS = YES;
				CLANG_WARN_EMPTY_BODY = YES;
				CLANG_WARN_ENUM_CONVERSION = YES;
				CLANG_WARN_INFINITE_RECURSION = YES;
				CLANG_WARN_INT_CONVERSION = YES;
				CLANG_WARN_OBJC_ROOT_CLASS = YES_ERROR;
				CLANG_WARN_SUSPICIOUS_MOVES = YES;
				CLANG_WARN_UNREACHABLE_CODE = YES;
				CLANG_WARN__DUPLICATE_METHOD_MATCH = YES;
				CODE_SIGN_IDENTITY = "-";
				COPY_PHASE_STRIP = NO;
				DEBUG_INFORMATION_FORMAT = dwarf;
				ENABLE_STRICT_OBJC_MSGSEND = YES;
				ENABLE_TESTABILITY = YES;
				GCC_C_LANGUAGE_STANDARD = gnu99;
				GCC_DYNAMIC_NO_PIC = NO;
				GCC_NO_COMMON_BLOCKS = YES;
				GCC_OPTIMIZATION_LEVEL = 0;
				GCC_PREPROCESSOR_DEFINITIONS = (
					"DEBUG=1",
					"$(inherited)",
				);
				GCC_WARN_64_TO_32_BIT_CONVERSION = YES;
				GCC_WARN_ABOUT_RETURN_TYPE = YES_ERROR;
				GCC_WARN_UNDECLARED_SELECTOR = YES;
				GCC_WARN_UNINITIALIZED_AUTOS = YES_AGGRESSIVE;
				GCC_WARN_UNUSED_FUNCTION = YES;
				GCC_WARN_UNUSED_VARIABLE = YES;
				MACOSX_DEPLOYMENT_TARGET = 10.12;
				MTL_ENABLE_DEBUG_INFO = YES;
				ONLY_ACTIVE_ARCH = YES;
				SDKROOT = macosx;
			};
			name = Debug;
		};
		853421781FA814B700E3030C /* Release */ = {
			isa = XCBuildConfiguration;
			buildSettings = {
				ALWAYS_SEARCH_USER_PATHS = NO;
				CLANG_ANALYZER_NONNULL = YES;
				CLANG_CXX_LANGUAGE_STANDARD = "gnu++0x";
				CLANG_CXX_LIBRARY = "libc++";
				CLANG_ENABLE_MODULES = YES;
				CLANG_ENABLE_OBJC_ARC = YES;
				CLANG_WARN_BOOL_CONVERSION = YES;
				CLANG_WARN_CONSTANT_CONVERSION = YES;
				CLANG_WARN_DIRECT_OBJC_ISA_USAGE = YES_ERROR;
				CLANG_WARN_DOCUMENTATION_COMMENTS = YES;
				CLANG_WARN_EMPTY_BODY = YES;
				CLANG_WARN_ENUM_CONVERSION = YES;
				CLANG_WARN_INFINITE_RECURSION = YES;
				CLANG_WARN_INT_CONVERSION = YES;
				CLANG_WARN_OBJC_ROOT_CLASS = YES_ERROR;
				CLANG_WARN_SUSPICIOUS_MOVES = YES;
				CLANG_WARN_UNREACHABLE_CODE = YES;
				CLANG_WARN__DUPLICATE_METHOD_MATCH = YES;
				CODE_SIGN_IDENTITY = "-";
				COPY_PHASE_STRIP = NO;
				DEBUG_INFORMATION_FORMAT = "dwarf-with-dsym";
				ENABLE_NS_ASSERTIONS = NO;
				ENABLE_STRICT_OBJC_MSGSEND = YES;
				GCC_C_LANGUAGE_STANDARD = gnu99;
				GCC_NO_COMMON_BLOCKS = YES;
				GCC_WARN_64_TO_32_BIT_CONVERSION = YES;
				GCC_WARN_ABOUT_RETURN_TYPE = YES_ERROR;
				GCC_WARN_UNDECLARED_SELECTOR = YES;
				GCC_WARN_UNINITIALIZED_AUTOS = YES_AGGRESSIVE;
				GCC_WARN_UNUSED_FUNCTION = YES;
				GCC_WARN_UNUSED_VARIABLE = YES;
				MACOSX_DEPLOYMENT_TARGET = 10.12;
				MTL_ENABLE_DEBUG_INFO = NO;
				SDKROOT = macosx;
			};
			name = Release;
		};
		8534217A1FA814B700E3030C /* Debug */ = {
			isa = XCBuildConfiguration;
			buildSettings = {
				ALWAYS_SEARCH_USER_PATHS = YES;
				HEADER_SEARCH_PATHS = /usr/local/mysql/include;
				LIBRARY_SEARCH_PATHS = /usr/local/mysql/lib;
				OTHER_LDFLAGS = (
					"-lm",
					"-lmysqlclient",
					"-lz",
				);
				PRODUCT_NAME = "$(TARGET_NAME)";
			};
			name = Debug;
		};
		8534217B1FA814B700E3030C /* Release */ = {
			isa = XCBuildConfiguration;
			buildSettings = {
				ALWAYS_SEARCH_USER_PATHS = YES;
				HEADER_SEARCH_PATHS = /usr/local/mysql/include;
				LIBRARY_SEARCH_PATHS = /usr/local/mysql/lib;
				OTHER_LDFLAGS = (
					"-lm",
					"-lmysqlclient",
					"-lz",
				);
				PRODUCT_NAME = "$(TARGET_NAME)";
			};
			name = Release;
		};
/* End XCBuildConfiguration section */

/* Begin XCConfigurationList section */
		8534216D1FA814B700E3030C /* Build configuration list for PBXProject "ChatServer" */ = {
			isa = XCConfigurationList;
			buildConfigurations = (
				853421771FA814B700E3030C /* Debug */,
				853421781FA814B700E3030C /* Release */,
			);
			defaultConfigurationIsVisible = 0;
			defaultConfigurationName = Release;
		};
		853421791FA814B700E3030C /* Build configuration list for PBXNativeTarget "ChatServer" */ = {
			isa = XCConfigurationList;
			buildConfigurations = (
				8534217A1FA814B700E3030C /* Debug */,
				8534217B1FA814B700E3030C /* Release */,
			);
			defaultConfigurationIsVisible = 0;
			defaultConfigurationName = Release;
		};
/* End XCConfigurationList section */
	};
	rootObject = 8534216A1FA814B700E3030C /* Project object */;
}
